// !$*UTF8*$!
{
	archiveVersion = 1;
	classes = {
	};
	objectVersion = 46;
	objects = {

/* Begin PBXBuildFile section */
		6076708DCCC74B4CB48263DD /* libPods.a in Frameworks */ = {isa = PBXBuildFile; fileRef = 7D216972B22A4D6E8712ED05 /* libPods.a */; };
		7838C4F71A6977B2001C3571 /* Foundation.framework in Frameworks */ = {isa = PBXBuildFile; fileRef = 7838C4F61A6977B2001C3571 /* Foundation.framework */; };
		7838C4F91A6977B2001C3571 /* CoreGraphics.framework in Frameworks */ = {isa = PBXBuildFile; fileRef = 7838C4F81A6977B2001C3571 /* CoreGraphics.framework */; };
		7838C4FB1A6977B2001C3571 /* UIKit.framework in Frameworks */ = {isa = PBXBuildFile; fileRef = 7838C4FA1A6977B2001C3571 /* UIKit.framework */; };
		7838C5011A6977B2001C3571 /* InfoPlist.strings in Resources */ = {isa = PBXBuildFile; fileRef = 7838C4FF1A6977B2001C3571 /* InfoPlist.strings */; };
		7838C5031A6977B2001C3571 /* main.m in Sources */ = {isa = PBXBuildFile; fileRef = 7838C5021A6977B2001C3571 /* main.m */; };
		7838C5071A6977B2001C3571 /* HSAppDelegate.m in Sources */ = {isa = PBXBuildFile; fileRef = 7838C5061A6977B2001C3571 /* HSAppDelegate.m */; };
		7838C5091A6977B2001C3571 /* Images.xcassets in Resources */ = {isa = PBXBuildFile; fileRef = 7838C5081A6977B2001C3571 /* Images.xcassets */; };
		7838C5101A6977B2001C3571 /* XCTest.framework in Frameworks */ = {isa = PBXBuildFile; fileRef = 7838C50F1A6977B2001C3571 /* XCTest.framework */; };
		7838C5111A6977B2001C3571 /* Foundation.framework in Frameworks */ = {isa = PBXBuildFile; fileRef = 7838C4F61A6977B2001C3571 /* Foundation.framework */; };
		7838C5121A6977B2001C3571 /* UIKit.framework in Frameworks */ = {isa = PBXBuildFile; fileRef = 7838C4FA1A6977B2001C3571 /* UIKit.framework */; };
		7838C51A1A6977B2001C3571 /* InfoPlist.strings in Resources */ = {isa = PBXBuildFile; fileRef = 7838C5181A6977B2001C3571 /* InfoPlist.strings */; };
		7838C51C1A6977B2001C3571 /* iosapp_token_testTests.m in Sources */ = {isa = PBXBuildFile; fileRef = 7838C51B1A6977B2001C3571 /* iosapp_token_testTests.m */; };
		7838C5281A6978CC001C3571 /* HSMainViewController.m in Sources */ = {isa = PBXBuildFile; fileRef = 7838C5261A6978CC001C3571 /* HSMainViewController.m */; };
		7838C5291A6978CC001C3571 /* HSMainViewController.xib in Resources */ = {isa = PBXBuildFile; fileRef = 7838C5271A6978CC001C3571 /* HSMainViewController.xib */; };
		7838C52B1A697944001C3571 /* video-camera-icon@2x.png in Resources */ = {isa = PBXBuildFile; fileRef = 7838C52A1A697944001C3571 /* video-camera-icon@2x.png */; };
		7838C52E1A6979E2001C3571 /* MobileCoreServices.framework in Frameworks */ = {isa = PBXBuildFile; fileRef = 7838C52D1A6979E2001C3571 /* MobileCoreServices.framework */; };
		7838C5301A6979EC001C3571 /* SystemConfiguration.framework in Frameworks */ = {isa = PBXBuildFile; fileRef = 7838C52F1A6979EC001C3571 /* SystemConfiguration.framework */; };
		7838C5321A6979F2001C3571 /* Security.framework in Frameworks */ = {isa = PBXBuildFile; fileRef = 7838C5311A6979F2001C3571 /* Security.framework */; };
		7838C5341A6979FC001C3571 /* MediaPlayer.framework in Frameworks */ = {isa = PBXBuildFile; fileRef = 7838C5331A6979FC001C3571 /* MediaPlayer.framework */; };
		7838C5441A697A5C001C3571 /* iframe-player.html in Resources */ = {isa = PBXBuildFile; fileRef = 7838C5351A697A5C001C3571 /* iframe-player.html */; };
		7838C5461A697A5C001C3571 /* UploadController.m in Sources */ = {isa = PBXBuildFile; fileRef = 7838C5391A697A5C001C3571 /* UploadController.m */; };
		7838C5471A697A5C001C3571 /* Utils.m in Sources */ = {isa = PBXBuildFile; fileRef = 7838C53B1A697A5C001C3571 /* Utils.m */; };
		7838C5481A697A5C001C3571 /* VideoData.m in Sources */ = {isa = PBXBuildFile; fileRef = 7838C53D1A697A5C001C3571 /* VideoData.m */; };
		7838C54A1A697A5C001C3571 /* VideoPlayerViewController.m in Sources */ = {isa = PBXBuildFile; fileRef = 7838C5411A697A5C001C3571 /* VideoPlayerViewController.m */; };
		7838C54B1A697A5C001C3571 /* VideoUploadViewController.m in Sources */ = {isa = PBXBuildFile; fileRef = 7838C5431A697A5C001C3571 /* VideoUploadViewController.m */; };
		7838C5521A697C41001C3571 /* YouTubeDirectTag.m in Sources */ = {isa = PBXBuildFile; fileRef = 7838C54D1A697C41001C3571 /* YouTubeDirectTag.m */; };
		7838C5541A697C41001C3571 /* YouTubeUploadVideo.m in Sources */ = {isa = PBXBuildFile; fileRef = 7838C5511A697C41001C3571 /* YouTubeUploadVideo.m */; };
/* End PBXBuildFile section */

/* Begin PBXContainerItemProxy section */
		7838C5131A6977B2001C3571 /* PBXContainerItemProxy */ = {
			isa = PBXContainerItemProxy;
			containerPortal = 7838C4EB1A6977B1001C3571 /* Project object */;
			proxyType = 1;
			remoteGlobalIDString = 7838C4F21A6977B2001C3571;
			remoteInfo = "iosapp-token-test";
		};
/* End PBXContainerItemProxy section */

/* Begin PBXFileReference section */
		70BE762EEB4F4A198B4BDF2E /* Pods.xcconfig */ = {isa = PBXFileReference; includeInIndex = 1; lastKnownFileType = text.xcconfig; name = Pods.xcconfig; path = Pods/Pods.xcconfig; sourceTree = "<group>"; };
		7838C4F31A6977B2001C3571 /* iosapp-token-test.app */ = {isa = PBXFileReference; explicitFileType = wrapper.application; includeInIndex = 0; path = "iosapp-token-test.app"; sourceTree = BUILT_PRODUCTS_DIR; };
		7838C4F61A6977B2001C3571 /* Foundation.framework */ = {isa = PBXFileReference; lastKnownFileType = wrapper.framework; name = Foundation.framework; path = System/Library/Frameworks/Foundation.framework; sourceTree = SDKROOT; };
		7838C4F81A6977B2001C3571 /* CoreGraphics.framework */ = {isa = PBXFileReference; lastKnownFileType = wrapper.framework; name = CoreGraphics.framework; path = System/Library/Frameworks/CoreGraphics.framework; sourceTree = SDKROOT; };
		7838C4FA1A6977B2001C3571 /* UIKit.framework */ = {isa = PBXFileReference; lastKnownFileType = wrapper.framework; name = UIKit.framework; path = System/Library/Frameworks/UIKit.framework; sourceTree = SDKROOT; };
		7838C4FE1A6977B2001C3571 /* iosapp-token-test-Info.plist */ = {isa = PBXFileReference; lastKnownFileType = text.plist.xml; path = "iosapp-token-test-Info.plist"; sourceTree = "<group>"; };
		7838C5001A6977B2001C3571 /* en */ = {isa = PBXFileReference; lastKnownFileType = text.plist.strings; name = en; path = en.lproj/InfoPlist.strings; sourceTree = "<group>"; };
		7838C5021A6977B2001C3571 /* main.m */ = {isa = PBXFileReference; lastKnownFileType = sourcecode.c.objc; path = main.m; sourceTree = "<group>"; };
		7838C5041A6977B2001C3571 /* iosapp-token-test-Prefix.pch */ = {isa = PBXFileReference; lastKnownFileType = sourcecode.c.h; path = "iosapp-token-test-Prefix.pch"; sourceTree = "<group>"; };
		7838C5051A6977B2001C3571 /* HSAppDelegate.h */ = {isa = PBXFileReference; lastKnownFileType = sourcecode.c.h; path = HSAppDelegate.h; sourceTree = "<group>"; };
		7838C5061A6977B2001C3571 /* HSAppDelegate.m */ = {isa = PBXFileReference; lastKnownFileType = sourcecode.c.objc; path = HSAppDelegate.m; sourceTree = "<group>"; };
		7838C5081A6977B2001C3571 /* Images.xcassets */ = {isa = PBXFileReference; lastKnownFileType = folder.assetcatalog; path = Images.xcassets; sourceTree = "<group>"; };
		7838C50E1A6977B2001C3571 /* iosapp-token-testTests.xctest */ = {isa = PBXFileReference; explicitFileType = wrapper.cfbundle; includeInIndex = 0; path = "iosapp-token-testTests.xctest"; sourceTree = BUILT_PRODUCTS_DIR; };
		7838C50F1A6977B2001C3571 /* XCTest.framework */ = {isa = PBXFileReference; lastKnownFileType = wrapper.framework; name = XCTest.framework; path = Library/Frameworks/XCTest.framework; sourceTree = DEVELOPER_DIR; };
		7838C5171A6977B2001C3571 /* iosapp-token-testTests-Info.plist */ = {isa = PBXFileReference; lastKnownFileType = text.plist.xml; path = "iosapp-token-testTests-Info.plist"; sourceTree = "<group>"; };
		7838C5191A6977B2001C3571 /* en */ = {isa = PBXFileReference; lastKnownFileType = text.plist.strings; name = en; path = en.lproj/InfoPlist.strings; sourceTree = "<group>"; };
		7838C51B1A6977B2001C3571 /* iosapp_token_testTests.m */ = {isa = PBXFileReference; lastKnownFileType = sourcecode.c.objc; path = iosapp_token_testTests.m; sourceTree = "<group>"; };
		7838C5251A6978CC001C3571 /* HSMainViewController.h */ = {isa = PBXFileReference; fileEncoding = 4; lastKnownFileType = sourcecode.c.h; path = HSMainViewController.h; sourceTree = "<group>"; };
		7838C5261A6978CC001C3571 /* HSMainViewController.m */ = {isa = PBXFileReference; fileEncoding = 4; lastKnownFileType = sourcecode.c.objc; path = HSMainViewController.m; sourceTree = "<group>"; };
		7838C5271A6978CC001C3571 /* HSMainViewController.xib */ = {isa = PBXFileReference; fileEncoding = 4; lastKnownFileType = file.xib; path = HSMainViewController.xib; sourceTree = "<group>"; };
		7838C52A1A697944001C3571 /* video-camera-icon@2x.png */ = {isa = PBXFileReference; lastKnownFileType = image.png; path = "video-camera-icon@2x.png"; sourceTree = "<group>"; };
		7838C52D1A6979E2001C3571 /* MobileCoreServices.framework */ = {isa = PBXFileReference; lastKnownFileType = wrapper.framework; name = MobileCoreServices.framework; path = System/Library/Frameworks/MobileCoreServices.framework; sourceTree = SDKROOT; };
		7838C52F1A6979EC001C3571 /* SystemConfiguration.framework */ = {isa = PBXFileReference; lastKnownFileType = wrapper.framework; name = SystemConfiguration.framework; path = System/Library/Frameworks/SystemConfiguration.framework; sourceTree = SDKROOT; };
		7838C5311A6979F2001C3571 /* Security.framework */ = {isa = PBXFileReference; lastKnownFileType = wrapper.framework; name = Security.framework; path = System/Library/Frameworks/Security.framework; sourceTree = SDKROOT; };
		7838C5331A6979FC001C3571 /* MediaPlayer.framework */ = {isa = PBXFileReference; lastKnownFileType = wrapper.framework; name = MediaPlayer.framework; path = System/Library/Frameworks/MediaPlayer.framework; sourceTree = SDKROOT; };
		7838C5351A697A5C001C3571 /* iframe-player.html */ = {isa = PBXFileReference; fileEncoding = 4; lastKnownFileType = text.html; path = "iframe-player.html"; sourceTree = "<group>"; };
		7838C5381A697A5C001C3571 /* UploadController.h */ = {isa = PBXFileReference; fileEncoding = 4; lastKnownFileType = sourcecode.c.h; path = UploadController.h; sourceTree = "<group>"; };
		7838C5391A697A5C001C3571 /* UploadController.m */ = {isa = PBXFileReference; fileEncoding = 4; lastKnownFileType = sourcecode.c.objc; path = UploadController.m; sourceTree = "<group>"; };
		7838C53A1A697A5C001C3571 /* Utils.h */ = {isa = PBXFileReference; fileEncoding = 4; lastKnownFileType = sourcecode.c.h; path = Utils.h; sourceTree = "<group>"; };
		7838C53B1A697A5C001C3571 /* Utils.m */ = {isa = PBXFileReference; fileEncoding = 4; lastKnownFileType = sourcecode.c.objc; path = Utils.m; sourceTree = "<group>"; };
		7838C53C1A697A5C001C3571 /* VideoData.h */ = {isa = PBXFileReference; fileEncoding = 4; lastKnownFileType = sourcecode.c.h; path = VideoData.h; sourceTree = "<group>"; };
		7838C53D1A697A5C001C3571 /* VideoData.m */ = {isa = PBXFileReference; fileEncoding = 4; lastKnownFileType = sourcecode.c.objc; path = VideoData.m; sourceTree = "<group>"; };
		7838C5401A697A5C001C3571 /* VideoPlayerViewController.h */ = {isa = PBXFileReference; fileEncoding = 4; lastKnownFileType = sourcecode.c.h; path = VideoPlayerViewController.h; sourceTree = "<group>"; };
		7838C5411A697A5C001C3571 /* VideoPlayerViewController.m */ = {isa = PBXFileReference; fileEncoding = 4; lastKnownFileType = sourcecode.c.objc; path = VideoPlayerViewController.m; sourceTree = "<group>"; };
		7838C5421A697A5C001C3571 /* VideoUploadViewController.h */ = {isa = PBXFileReference; fileEncoding = 4; lastKnownFileType = sourcecode.c.h; path = VideoUploadViewController.h; sourceTree = "<group>"; };
		7838C5431A697A5C001C3571 /* VideoUploadViewController.m */ = {isa = PBXFileReference; fileEncoding = 4; lastKnownFileType = sourcecode.c.objc; path = VideoUploadViewController.m; sourceTree = "<group>"; };
		7838C54C1A697C41001C3571 /* YouTubeDirectTag.h */ = {isa = PBXFileReference; fileEncoding = 4; lastKnownFileType = sourcecode.c.h; path = YouTubeDirectTag.h; sourceTree = "<group>"; };
		7838C54D1A697C41001C3571 /* YouTubeDirectTag.m */ = {isa = PBXFileReference; fileEncoding = 4; lastKnownFileType = sourcecode.c.objc; path = YouTubeDirectTag.m; sourceTree = "<group>"; };
		7838C5501A697C41001C3571 /* YouTubeUploadVideo.h */ = {isa = PBXFileReference; fileEncoding = 4; lastKnownFileType = sourcecode.c.h; path = YouTubeUploadVideo.h; sourceTree = "<group>"; };
		7838C5511A697C41001C3571 /* YouTubeUploadVideo.m */ = {isa = PBXFileReference; fileEncoding = 4; lastKnownFileType = sourcecode.c.objc; path = YouTubeUploadVideo.m; sourceTree = "<group>"; };
		7D216972B22A4D6E8712ED05 /* libPods.a */ = {isa = PBXFileReference; explicitFileType = archive.ar; includeInIndex = 0; path = libPods.a; sourceTree = BUILT_PRODUCTS_DIR; };
/* End PBXFileReference section */

/* Begin PBXFrameworksBuildPhase section */
		7838C4F01A6977B2001C3571 /* Frameworks */ = {
			isa = PBXFrameworksBuildPhase;
			buildActionMask = 2147483647;
			files = (
				7838C5341A6979FC001C3571 /* MediaPlayer.framework in Frameworks */,
				7838C5321A6979F2001C3571 /* Security.framework in Frameworks */,
				7838C5301A6979EC001C3571 /* SystemConfiguration.framework in Frameworks */,
				7838C52E1A6979E2001C3571 /* MobileCoreServices.framework in Frameworks */,
				7838C4F91A6977B2001C3571 /* CoreGraphics.framework in Frameworks */,
				7838C4FB1A6977B2001C3571 /* UIKit.framework in Frameworks */,
				7838C4F71A6977B2001C3571 /* Foundation.framework in Frameworks */,
				6076708DCCC74B4CB48263DD /* libPods.a in Frameworks */,
			);
			runOnlyForDeploymentPostprocessing = 0;
		};
		7838C50B1A6977B2001C3571 /* Frameworks */ = {
			isa = PBXFrameworksBuildPhase;
			buildActionMask = 2147483647;
			files = (
				7838C5101A6977B2001C3571 /* XCTest.framework in Frameworks */,
				7838C5121A6977B2001C3571 /* UIKit.framework in Frameworks */,
				7838C5111A6977B2001C3571 /* Foundation.framework in Frameworks */,
			);
			runOnlyForDeploymentPostprocessing = 0;
		};
/* End PBXFrameworksBuildPhase section */

/* Begin PBXGroup section */
		7838C4EA1A6977B1001C3571 = {
			isa = PBXGroup;
			children = (
				7838C4FC1A6977B2001C3571 /* iosapp-token-test */,
				7838C5151A6977B2001C3571 /* iosapp-token-testTests */,
				7838C4F51A6977B2001C3571 /* Frameworks */,
				7838C4F41A6977B2001C3571 /* Products */,
				70BE762EEB4F4A198B4BDF2E /* Pods.xcconfig */,
			);
			sourceTree = "<group>";
		};
		7838C4F41A6977B2001C3571 /* Products */ = {
			isa = PBXGroup;
			children = (
				7838C4F31A6977B2001C3571 /* iosapp-token-test.app */,
				7838C50E1A6977B2001C3571 /* iosapp-token-testTests.xctest */,
			);
			name = Products;
			sourceTree = "<group>";
		};
		7838C4F51A6977B2001C3571 /* Frameworks */ = {
			isa = PBXGroup;
			children = (
				7838C5331A6979FC001C3571 /* MediaPlayer.framework */,
				7838C5311A6979F2001C3571 /* Security.framework */,
				7838C52F1A6979EC001C3571 /* SystemConfiguration.framework */,
				7838C52D1A6979E2001C3571 /* MobileCoreServices.framework */,
				7838C4F61A6977B2001C3571 /* Foundation.framework */,
				7838C4F81A6977B2001C3571 /* CoreGraphics.framework */,
				7838C4FA1A6977B2001C3571 /* UIKit.framework */,
				7838C50F1A6977B2001C3571 /* XCTest.framework */,
				7D216972B22A4D6E8712ED05 /* libPods.a */,
			);
			name = Frameworks;
			sourceTree = "<group>";
		};
		7838C4FC1A6977B2001C3571 /* iosapp-token-test */ = {
			isa = PBXGroup;
			children = (
				7838C5591A69807D001C3571 /* ViewControllers */,
				7838C5551A697C4F001C3571 /* Protocol */,
				7838C55A1A6980A8001C3571 /* Utils */,
				7838C55B1A6980B0001C3571 /* Model */,
				7838C5051A6977B2001C3571 /* HSAppDelegate.h */,
				7838C5061A6977B2001C3571 /* HSAppDelegate.m */,
				7838C52C1A697948001C3571 /* Resources */,
				7838C5081A6977B2001C3571 /* Images.xcassets */,
				7838C4FD1A6977B2001C3571 /* Supporting Files */,
			);
			path = "iosapp-token-test";
			sourceTree = "<group>";
		};
		7838C4FD1A6977B2001C3571 /* Supporting Files */ = {
			isa = PBXGroup;
			children = (
				7838C4FE1A6977B2001C3571 /* iosapp-token-test-Info.plist */,
				7838C4FF1A6977B2001C3571 /* InfoPlist.strings */,
				7838C5021A6977B2001C3571 /* main.m */,
				7838C5041A6977B2001C3571 /* iosapp-token-test-Prefix.pch */,
			);
			name = "Supporting Files";
			sourceTree = "<group>";
		};
		7838C5151A6977B2001C3571 /* iosapp-token-testTests */ = {
			isa = PBXGroup;
			children = (
				7838C51B1A6977B2001C3571 /* iosapp_token_testTests.m */,
				7838C5161A6977B2001C3571 /* Supporting Files */,
			);
			path = "iosapp-token-testTests";
			sourceTree = "<group>";
		};
		7838C5161A6977B2001C3571 /* Supporting Files */ = {
			isa = PBXGroup;
			children = (
				7838C5171A6977B2001C3571 /* iosapp-token-testTests-Info.plist */,
				7838C5181A6977B2001C3571 /* InfoPlist.strings */,
			);
			name = "Supporting Files";
			sourceTree = "<group>";
		};
		7838C52C1A697948001C3571 /* Resources */ = {
			isa = PBXGroup;
			children = (
				7838C5271A6978CC001C3571 /* HSMainViewController.xib */,
				7838C52A1A697944001C3571 /* video-camera-icon@2x.png */,
			);
			name = Resources;
			sourceTree = "<group>";
		};
		7838C5551A697C4F001C3571 /* Protocol */ = {
			isa = PBXGroup;
			children = (
				7838C54C1A697C41001C3571 /* YouTubeDirectTag.h */,
				7838C54D1A697C41001C3571 /* YouTubeDirectTag.m */,
				7838C5501A697C41001C3571 /* YouTubeUploadVideo.h */,
				7838C5511A697C41001C3571 /* YouTubeUploadVideo.m */,
			);
			name = Protocol;
			sourceTree = "<group>";
		};
		7838C5591A69807D001C3571 /* ViewControllers */ = {
			isa = PBXGroup;
			children = (
				7838C5401A697A5C001C3571 /* VideoPlayerViewController.h */,
				7838C5411A697A5C001C3571 /* VideoPlayerViewController.m */,
				7838C5421A697A5C001C3571 /* VideoUploadViewController.h */,
				7838C5431A697A5C001C3571 /* VideoUploadViewController.m */,
				7838C5251A6978CC001C3571 /* HSMainViewController.h */,
				7838C5261A6978CC001C3571 /* HSMainViewController.m */,
			);
			name = ViewControllers;
			sourceTree = "<group>";
		};
		7838C55A1A6980A8001C3571 /* Utils */ = {
			isa = PBXGroup;
			children = (
				7838C5351A697A5C001C3571 /* iframe-player.html */,
				7838C5381A697A5C001C3571 /* UploadController.h */,
				7838C5391A697A5C001C3571 /* UploadController.m */,
				7838C53A1A697A5C001C3571 /* Utils.h */,
				7838C53B1A697A5C001C3571 /* Utils.m */,
			);
			name = Utils;
			sourceTree = "<group>";
		};
		7838C55B1A6980B0001C3571 /* Model */ = {
			isa = PBXGroup;
			children = (
				7838C53C1A697A5C001C3571 /* VideoData.h */,
				7838C53D1A697A5C001C3571 /* VideoData.m */,
			);
			name = Model;
			sourceTree = "<group>";
		};
/* End PBXGroup section */

/* Begin PBXNativeTarget section */
		7838C4F21A6977B2001C3571 /* iosapp-token-test */ = {
			isa = PBXNativeTarget;
			buildConfigurationList = 7838C51F1A6977B2001C3571 /* Build configuration list for PBXNativeTarget "iosapp-token-test" */;
			buildPhases = (
				9DB803F4115F438F9F1D1A01 /* Check Pods Manifest.lock */,
				7838C4EF1A6977B2001C3571 /* Sources */,
				7838C4F01A6977B2001C3571 /* Frameworks */,
				7838C4F11A6977B2001C3571 /* Resources */,
				1577686E1AB84EF58C32C260 /* Copy Pods Resources */,
			);
			buildRules = (
			);
			dependencies = (
			);
			name = "iosapp-token-test";
			productName = "iosapp-token-test";
			productReference = 7838C4F31A6977B2001C3571 /* iosapp-token-test.app */;
			productType = "com.apple.product-type.application";
		};
		7838C50D1A6977B2001C3571 /* iosapp-token-testTests */ = {
			isa = PBXNativeTarget;
			buildConfigurationList = 7838C5221A6977B2001C3571 /* Build configuration list for PBXNativeTarget "iosapp-token-testTests" */;
			buildPhases = (
				7838C50A1A6977B2001C3571 /* Sources */,
				7838C50B1A6977B2001C3571 /* Frameworks */,
				7838C50C1A6977B2001C3571 /* Resources */,
			);
			buildRules = (
			);
			dependencies = (
				7838C5141A6977B2001C3571 /* PBXTargetDependency */,
			);
			name = "iosapp-token-testTests";
			productName = "iosapp-token-testTests";
			productReference = 7838C50E1A6977B2001C3571 /* iosapp-token-testTests.xctest */;
			productType = "com.apple.product-type.bundle.unit-test";
		};
/* End PBXNativeTarget section */

/* Begin PBXProject section */
		7838C4EB1A6977B1001C3571 /* Project object */ = {
			isa = PBXProject;
			attributes = {
				CLASSPREFIX = HS;
				LastUpgradeCheck = 0510;
				TargetAttributes = {
					7838C50D1A6977B2001C3571 = {
						TestTargetID = 7838C4F21A6977B2001C3571;
					};
				};
			};
			buildConfigurationList = 7838C4EE1A6977B1001C3571 /* Build configuration list for PBXProject "iosapp-token-test" */;
			compatibilityVersion = "Xcode 3.2";
			developmentRegion = English;
			hasScannedForEncodings = 0;
			knownRegions = (
				en,
			);
			mainGroup = 7838C4EA1A6977B1001C3571;
			productRefGroup = 7838C4F41A6977B2001C3571 /* Products */;
			projectDirPath = "";
			projectRoot = "";
			targets = (
				7838C4F21A6977B2001C3571 /* iosapp-token-test */,
				7838C50D1A6977B2001C3571 /* iosapp-token-testTests */,
			);
		};
/* End PBXProject section */

/* Begin PBXResourcesBuildPhase section */
		7838C4F11A6977B2001C3571 /* Resources */ = {
			isa = PBXResourcesBuildPhase;
			buildActionMask = 2147483647;
			files = (
				7838C5291A6978CC001C3571 /* HSMainViewController.xib in Resources */,
				7838C5011A6977B2001C3571 /* InfoPlist.strings in Resources */,
				7838C5091A6977B2001C3571 /* Images.xcassets in Resources */,
				7838C52B1A697944001C3571 /* video-camera-icon@2x.png in Resources */,
				7838C5441A697A5C001C3571 /* iframe-player.html in Resources */,
			);
			runOnlyForDeploymentPostprocessing = 0;
		};
		7838C50C1A6977B2001C3571 /* Resources */ = {
			isa = PBXResourcesBuildPhase;
			buildActionMask = 2147483647;
			files = (
				7838C51A1A6977B2001C3571 /* InfoPlist.strings in Resources */,
			);
			runOnlyForDeploymentPostprocessing = 0;
		};
/* End PBXResourcesBuildPhase section */

/* Begin PBXShellScriptBuildPhase section */
		1577686E1AB84EF58C32C260 /* Copy Pods Resources */ = {
			isa = PBXShellScriptBuildPhase;
			buildActionMask = 2147483647;
			files = (
			);
			inputPaths = (
			);
			name = "Copy Pods Resources";
			outputPaths = (
			);
			runOnlyForDeploymentPostprocessing = 0;
			shellPath = /bin/sh;
			shellScript = "\"${SRCROOT}/Pods/Pods-resources.sh\"\n";
			showEnvVarsInLog = 0;
		};
		9DB803F4115F438F9F1D1A01 /* Check Pods Manifest.lock */ = {
			isa = PBXShellScriptBuildPhase;
			buildActionMask = 2147483647;
			files = (
			);
			inputPaths = (
			);
			name = "Check Pods Manifest.lock";
			outputPaths = (
			);
			runOnlyForDeploymentPostprocessing = 0;
			shellPath = /bin/sh;
			shellScript = "diff \"${PODS_ROOT}/../Podfile.lock\" \"${PODS_ROOT}/Manifest.lock\" > /dev/null\nif [[ $? != 0 ]] ; then\n    cat << EOM\nerror: The sandbox is not in sync with the Podfile.lock. Run 'pod install' or update your CocoaPods installation.\nEOM\n    exit 1\nfi\n";
			showEnvVarsInLog = 0;
		};
/* End PBXShellScriptBuildPhase section */

/* Begin PBXSourcesBuildPhase section */
		7838C4EF1A6977B2001C3571 /* Sources */ = {
			isa = PBXSourcesBuildPhase;
			buildActionMask = 2147483647;
			files = (
				7838C5541A697C41001C3571 /* YouTubeUploadVideo.m in Sources */,
				7838C5031A6977B2001C3571 /* main.m in Sources */,
				7838C54B1A697A5C001C3571 /* VideoUploadViewController.m in Sources */,
				7838C5461A697A5C001C3571 /* UploadController.m in Sources */,
				7838C5281A6978CC001C3571 /* HSMainViewController.m in Sources */,
				7838C5481A697A5C001C3571 /* VideoData.m in Sources */,
				7838C5471A697A5C001C3571 /* Utils.m in Sources */,
				7838C5071A6977B2001C3571 /* HSAppDelegate.m in Sources */,
				7838C5521A697C41001C3571 /* YouTubeDirectTag.m in Sources */,
				7838C54A1A697A5C001C3571 /* VideoPlayerViewController.m in Sources */,
			);
			runOnlyForDeploymentPostprocessing = 0;
		};
		7838C50A1A6977B2001C3571 /* Sources */ = {
			isa = PBXSourcesBuildPhase;
			buildActionMask = 2147483647;
			files = (
				7838C51C1A6977B2001C3571 /* iosapp_token_testTests.m in Sources */,
			);
			runOnlyForDeploymentPostprocessing = 0;
		};
/* End PBXSourcesBuildPhase section */

/* Begin PBXTargetDependency section */
		7838C5141A6977B2001C3571 /* PBXTargetDependency */ = {
			isa = PBXTargetDependency;
			target = 7838C4F21A6977B2001C3571 /* iosapp-token-test */;
			targetProxy = 7838C5131A6977B2001C3571 /* PBXContainerItemProxy */;
		};
/* End PBXTargetDependency section */

/* Begin PBXVariantGroup section */
		7838C4FF1A6977B2001C3571 /* InfoPlist.strings */ = {
			isa = PBXVariantGroup;
			children = (
				7838C5001A6977B2001C3571 /* en */,
			);
			name = InfoPlist.strings;
			sourceTree = "<group>";
		};
		7838C5181A6977B2001C3571 /* InfoPlist.strings */ = {
			isa = PBXVariantGroup;
			children = (
				7838C5191A6977B2001C3571 /* en */,
			);
			name = InfoPlist.strings;
			sourceTree = "<group>";
		};
/* End PBXVariantGroup section */

/* Begin XCBuildConfiguration section */
		7838C51D1A6977B2001C3571 /* Debug */ = {
			isa = XCBuildConfiguration;
			buildSettings = {
				ALWAYS_SEARCH_USER_PATHS = NO;
				CLANG_CXX_LANGUAGE_STANDARD = "gnu++0x";
				CLANG_CXX_LIBRARY = "libc++";
				CLANG_ENABLE_MODULES = YES;
				CLANG_ENABLE_OBJC_ARC = YES;
				CLANG_WARN_BOOL_CONVERSION = YES;
				CLANG_WARN_CONSTANT_CONVERSION = YES;
				CLANG_WARN_DIRECT_OBJC_ISA_USAGE = YES_ERROR;
				CLANG_WARN_EMPTY_BODY = YES;
				CLANG_WARN_ENUM_CONVERSION = YES;
				CLANG_WARN_INT_CONVERSION = YES;
				CLANG_WARN_OBJC_ROOT_CLASS = YES_ERROR;
				CLANG_WARN__DUPLICATE_METHOD_MATCH = YES;
				"CODE_SIGN_IDENTITY[sdk=iphoneos*]" = "iPhone Developer";
				COPY_PHASE_STRIP = NO;
				GCC_C_LANGUAGE_STANDARD = gnu99;
				GCC_DYNAMIC_NO_PIC = NO;
				GCC_OPTIMIZATION_LEVEL = 0;
				GCC_PREPROCESSOR_DEFINITIONS = (
					"DEBUG=1",
					"$(inherited)",
				);
				GCC_SYMBOLS_PRIVATE_EXTERN = NO;
				GCC_WARN_64_TO_32_BIT_CONVERSION = YES;
				GCC_WARN_ABOUT_RETURN_TYPE = YES_ERROR;
				GCC_WARN_UNDECLARED_SELECTOR = YES;
				GCC_WARN_UNINITIALIZED_AUTOS = YES_AGGRESSIVE;
				GCC_WARN_UNUSED_FUNCTION = YES;
				GCC_WARN_UNUSED_VARIABLE = YES;
				IPHONEOS_DEPLOYMENT_TARGET = 7.1;
				ONLY_ACTIVE_ARCH = YES;
				SDKROOT = iphoneos;
			};
			name = Debug;
		};
		7838C51E1A6977B2001C3571 /* Release */ = {
			isa = XCBuildConfiguration;
			buildSettings = {
				ALWAYS_SEARCH_USER_PATHS = NO;
				CLANG_CXX_LANGUAGE_STANDARD = "gnu++0x";
				CLANG_CXX_LIBRARY = "libc++";
				CLANG_ENABLE_MODULES = YES;
				CLANG_ENABLE_OBJC_ARC = YES;
				CLANG_WARN_BOOL_CONVERSION = YES;
				CLANG_WARN_CONSTANT_CONVERSION = YES;
				CLANG_WARN_DIRECT_OBJC_ISA_USAGE = YES_ERROR;
				CLANG_WARN_EMPTY_BODY = YES;
				CLANG_WARN_ENUM_CONVERSION = YES;
				CLANG_WARN_INT_CONVERSION = YES;
				CLANG_WARN_OBJC_ROOT_CLASS = YES_ERROR;
				CLANG_WARN__DUPLICATE_METHOD_MATCH = YES;
				"CODE_SIGN_IDENTITY[sdk=iphoneos*]" = "iPhone Developer";
				COPY_PHASE_STRIP = YES;
				ENABLE_NS_ASSERTIONS = NO;
				GCC_C_LANGUAGE_STANDARD = gnu99;
				GCC_WARN_64_TO_32_BIT_CONVERSION = YES;
				GCC_WARN_ABOUT_RETURN_TYPE = YES_ERROR;
				GCC_WARN_UNDECLARED_SELECTOR = YES;
				GCC_WARN_UNINITIALIZED_AUTOS = YES_AGGRESSIVE;
				GCC_WARN_UNUSED_FUNCTION = YES;
				GCC_WARN_UNUSED_VARIABLE = YES;
				IPHONEOS_DEPLOYMENT_TARGET = 7.1;
				SDKROOT = iphoneos;
				VALIDATE_PRODUCT = YES;
			};
			name = Release;
		};
		7838C5201A6977B2001C3571 /* Debug */ = {
			isa = XCBuildConfiguration;
			baseConfigurationReference = 70BE762EEB4F4A198B4BDF2E /* Pods.xcconfig */;
			buildSettings = {
				ASSETCATALOG_COMPILER_APPICON_NAME = AppIcon;
				ASSETCATALOG_COMPILER_LAUNCHIMAGE_NAME = LaunchImage;
				GCC_PRECOMPILE_PREFIX_HEADER = YES;
				GCC_PREFIX_HEADER = "iosapp-token-test/iosapp-token-test-Prefix.pch";
				INFOPLIST_FILE = "iosapp-token-test/iosapp-token-test-Info.plist";
				PRODUCT_NAME = "$(TARGET_NAME)";
				WRAPPER_EXTENSION = app;
			};
			name = Debug;
		};
		7838C5211A6977B2001C3571 /* Release */ = {
			isa = XCBuildConfiguration;
			baseConfigurationReference = 70BE762EEB4F4A198B4BDF2E /* Pods.xcconfig */;
			buildSettings = {
				ASSETCATALOG_COMPILER_APPICON_NAME = AppIcon;
				ASSETCATALOG_COMPILER_LAUNCHIMAGE_NAME = LaunchImage;
				GCC_PRECOMPILE_PREFIX_HEADER = YES;
				GCC_PREFIX_HEADER = "iosapp-token-test/iosapp-token-test-Prefix.pch";
				INFOPLIST_FILE = "iosapp-token-test/iosapp-token-test-Info.plist";
				PRODUCT_NAME = "$(TARGET_NAME)";
				WRAPPER_EXTENSION = app;
			};
			name = Release;
		};
		7838C5231A6977B2001C3571 /* Debug */ = {
			isa = XCBuildConfiguration;
			buildSettings = {
				BUNDLE_LOADER = "$(BUILT_PRODUCTS_DIR)/iosapp-token-test.app/iosapp-token-test";
				FRAMEWORK_SEARCH_PATHS = (
					"$(SDKROOT)/Developer/Library/Frameworks",
					"$(inherited)",
					"$(DEVELOPER_FRAMEWORKS_DIR)",
				);
				GCC_PRECOMPILE_PREFIX_HEADER = YES;
				GCC_PREFIX_HEADER = "iosapp-token-test/iosapp-token-test-Prefix.pch";
				GCC_PREPROCESSOR_DEFINITIONS = (
					"DEBUG=1",
					"$(inherited)",
				);
				INFOPLIST_FILE = "iosapp-token-testTests/iosapp-token-testTests-Info.plist";
				PRODUCT_NAME = "$(TARGET_NAME)";
				TEST_HOST = "$(BUNDLE_LOADER)";
				WRAPPER_EXTENSION = xctest;
			};
			name = Debug;
		};
		7838C5241A6977B2001C3571 /* Release */ = {
			isa = XCBuildConfiguration;
			buildSettings = {
				BUNDLE_LOADER = "$(BUILT_PRODUCTS_DIR)/iosapp-token-test.app/iosapp-token-test";
				FRAMEWORK_SEARCH_PATHS = (
					"$(SDKROOT)/Developer/Library/Frameworks",
					"$(inherited)",
					"$(DEVELOPER_FRAMEWORKS_DIR)",
				);
				GCC_PRECOMPILE_PREFIX_HEADER = YES;
				GCC_PREFIX_HEADER = "iosapp-token-test/iosapp-token-test-Prefix.pch";
				INFOPLIST_FILE = "iosapp-token-testTests/iosapp-token-testTests-Info.plist";
				PRODUCT_NAME = "$(TARGET_NAME)";
				TEST_HOST = "$(BUNDLE_LOADER)";
				WRAPPER_EXTENSION = xctest;
			};
			name = Release;
		};
/* End XCBuildConfiguration section */

/* Begin XCConfigurationList section */
		7838C4EE1A6977B1001C3571 /* Build configuration list for PBXProject "iosapp-token-test" */ = {
			isa = XCConfigurationList;
			buildConfigurations = (
				7838C51D1A6977B2001C3571 /* Debug */,
				7838C51E1A6977B2001C3571 /* Release */,
			);
			defaultConfigurationIsVisible = 0;
			defaultConfigurationName = Release;
		};
		7838C51F1A6977B2001C3571 /* Build configuration list for PBXNativeTarget "iosapp-token-test" */ = {
			isa = XCConfigurationList;
			buildConfigurations = (
				7838C5201A6977B2001C3571 /* Debug */,
				7838C5211A6977B2001C3571 /* Release */,
			);
			defaultConfigurationIsVisible = 0;
			defaultConfigurationName = Release;
		};
		7838C5221A6977B2001C3571 /* Build configuration list for PBXNativeTarget "iosapp-token-testTests" */ = {
			isa = XCConfigurationList;
			buildConfigurations = (
				7838C5231A6977B2001C3571 /* Debug */,
				7838C5241A6977B2001C3571 /* Release */,
			);
			defaultConfigurationIsVisible = 0;
			defaultConfigurationName = Release;
		};
/* End XCConfigurationList section */
	};
	rootObject = 7838C4EB1A6977B1001C3571 /* Project object */;
}
